
Microsoft Visual Studio Solution File, Format Version 12.00
# Visual Studio Version 16
VisualStudioVersion = 16.0.31911.196
MinimumVisualStudioVersion = 10.0.40219.1
Project("{FAE04EC0-301F-11D3-BF4B-00C04F79EFBC}") = "number - 3", "number - 3\number - 3.csproj", "{AB1F6C34-9AE1-4485-98FD-870AE67FFC3A}"
EndProject
Global
	GlobalSection(SolutionConfigurationPlatforms) = preSolution
		Debug|Any CPU = Debug|Any CPU
		Release|Any CPU = Release|Any CPU
	EndGlobalSection
	GlobalSection(ProjectConfigurationPlatforms) = postSolution
		{AB1F6C34-9AE1-4485-98FD-870AE67FFC3A}.Debug|Any CPU.ActiveCfg = Debug|Any CPU
		{AB1F6C34-9AE1-4485-98FD-870AE67FFC3A}.Debug|Any CPU.Build.0 = Debug|Any CPU
		{AB1F6C34-9AE1-4485-98FD-870AE67FFC3A}.Release|Any CPU.ActiveCfg = Release|Any CPU
		{AB1F6C34-9AE1-4485-98FD-870AE67FFC3A}.Release|Any CPU.Build.0 = Release|Any CPU
	EndGlobalSection
	GlobalSection(SolutionProperties) = preSolution
		HideSolutionNode = FALSE
	EndGlobalSection
	GlobalSection(ExtensibilityGlobals) = postSolution
		SolutionGuid = {DCA2E82D-BC30-43BE-9699-A51DA2A099AB}
	EndGlobalSection
EndGlobal
