
Microsoft Visual Studio Solution File, Format Version 12.00
# Visual Studio Version 16
VisualStudioVersion = 16.0.31911.196
MinimumVisualStudioVersion = 10.0.40219.1
Project("{FAE04EC0-301F-11D3-BF4B-00C04F79EFBC}") = "hi-to-me", "hi-to-me\hi-to-me.csproj", "{6EDC66FA-CD50-4DDB-8A69-A81B548A9286}"
EndProject
Global
	GlobalSection(SolutionConfigurationPlatforms) = preSolution
		Debug|Any CPU = Debug|Any CPU
		Release|Any CPU = Release|Any CPU
	EndGlobalSection
	GlobalSection(ProjectConfigurationPlatforms) = postSolution
		{6EDC66FA-CD50-4DDB-8A69-A81B548A9286}.Debug|Any CPU.ActiveCfg = Debug|Any CPU
		{6EDC66FA-CD50-4DDB-8A69-A81B548A9286}.Debug|Any CPU.Build.0 = Debug|Any CPU
		{6EDC66FA-CD50-4DDB-8A69-A81B548A9286}.Release|Any CPU.ActiveCfg = Release|Any CPU
		{6EDC66FA-CD50-4DDB-8A69-A81B548A9286}.Release|Any CPU.Build.0 = Release|Any CPU
	EndGlobalSection
	GlobalSection(SolutionProperties) = preSolution
		HideSolutionNode = FALSE
	EndGlobalSection
	GlobalSection(ExtensibilityGlobals) = postSolution
		SolutionGuid = {ECA904A8-8352-4337-9E69-2B497DCBD66E}
	EndGlobalSection
EndGlobal
